// !$*UTF8*$!
{
	archiveVersion = 1;
	classes = {
	};
	objectVersion = 55;
	objects = {

/* Begin PBXBuildFile section */
		841E3A77286FA10500CA8D7D /* AnimalListItemView.swift in Sources */ = {isa = PBXBuildFile; fileRef = 841E3A76286FA10500CA8D7D /* AnimalListItemView.swift */; };
		841E3A79286FA56600CA8D7D /* AnimalModel.swift in Sources */ = {isa = PBXBuildFile; fileRef = 841E3A78286FA56600CA8D7D /* AnimalModel.swift */; };
		8438E9302848A636004E9BBD /* covers.json in Resources */ = {isa = PBXBuildFile; fileRef = 8438E92C2848A636004E9BBD /* covers.json */; };
		8438E9312848A636004E9BBD /* videos.json in Resources */ = {isa = PBXBuildFile; fileRef = 8438E92D2848A636004E9BBD /* videos.json */; };
		8438E9322848A636004E9BBD /* locations.json in Resources */ = {isa = PBXBuildFile; fileRef = 8438E92E2848A636004E9BBD /* locations.json */; };
		8438E9332848A636004E9BBD /* animals.json in Resources */ = {isa = PBXBuildFile; fileRef = 8438E92F2848A636004E9BBD /* animals.json */; };
		8438E9372848B075004E9BBD /* VideoListView.swift in Sources */ = {isa = PBXBuildFile; fileRef = 8438E9362848B075004E9BBD /* VideoListView.swift */; };
		8438E9392848B0B1004E9BBD /* MapView.swift in Sources */ = {isa = PBXBuildFile; fileRef = 8438E9382848B0B1004E9BBD /* MapView.swift */; };
		8438E93B2848B0CD004E9BBD /* GalleryView.swift in Sources */ = {isa = PBXBuildFile; fileRef = 8438E93A2848B0CD004E9BBD /* GalleryView.swift */; };
		8438E93D2848B0F4004E9BBD /* MainView.swift in Sources */ = {isa = PBXBuildFile; fileRef = 8438E93C2848B0F4004E9BBD /* MainView.swift */; };
		84A4DB1028480CD900BE1612 /* AfricaApp.swift in Sources */ = {isa = PBXBuildFile; fileRef = 84A4DB0F28480CD900BE1612 /* AfricaApp.swift */; };
		84A4DB1228480CD900BE1612 /* ContentView.swift in Sources */ = {isa = PBXBuildFile; fileRef = 84A4DB1128480CD900BE1612 /* ContentView.swift */; };
		84A4DB1428480CDE00BE1612 /* Assets.xcassets in Resources */ = {isa = PBXBuildFile; fileRef = 84A4DB1328480CDE00BE1612 /* Assets.xcassets */; };
		84A4DB1728480CDE00BE1612 /* Preview Assets.xcassets in Resources */ = {isa = PBXBuildFile; fileRef = 84A4DB1628480CDE00BE1612 /* Preview Assets.xcassets */; };
		84B2EE0E286E40EA000A7ED3 /* CoverImageView.swift in Sources */ = {isa = PBXBuildFile; fileRef = 84B2EE0D286E40EA000A7ED3 /* CoverImageView.swift */; };
		84B2EE11286E46E2000A7ED3 /* CoverImageModel.swift in Sources */ = {isa = PBXBuildFile; fileRef = 84B2EE10286E46E2000A7ED3 /* CoverImageModel.swift */; };
		84B2EE14286E496B000A7ED3 /* CodableBundleExtension.swift in Sources */ = {isa = PBXBuildFile; fileRef = 84B2EE13286E496B000A7ED3 /* CodableBundleExtension.swift */; };
		84D642EB2872345A0084CB52 /* AnimalDetailView.swift in Sources */ = {isa = PBXBuildFile; fileRef = 84D642EA2872345A0084CB52 /* AnimalDetailView.swift */; };
		84D642ED287243D20084CB52 /* HeadingView.swift in Sources */ = {isa = PBXBuildFile; fileRef = 84D642EC287243D20084CB52 /* HeadingView.swift */; };
/* End PBXBuildFile section */

/* Begin PBXFileReference section */
		841E3A76286FA10500CA8D7D /* AnimalListItemView.swift */ = {isa = PBXFileReference; lastKnownFileType = sourcecode.swift; path = AnimalListItemView.swift; sourceTree = "<group>"; };
		841E3A78286FA56600CA8D7D /* AnimalModel.swift */ = {isa = PBXFileReference; lastKnownFileType = sourcecode.swift; path = AnimalModel.swift; sourceTree = "<group>"; };
		8438E9212848A5C7004E9BBD /* rhino.mp4 */ = {isa = PBXFileReference; lastKnownFileType = file; path = rhino.mp4; sourceTree = "<group>"; };
		8438E9222848A5C8004E9BBD /* ostrich.mp4 */ = {isa = PBXFileReference; lastKnownFileType = file; path = ostrich.mp4; sourceTree = "<group>"; };
		8438E9232848A5C8004E9BBD /* giraffe.mp4 */ = {isa = PBXFileReference; lastKnownFileType = file; path = giraffe.mp4; sourceTree = "<group>"; };
		8438E9242848A5C9004E9BBD /* cheetah.mp4 */ = {isa = PBXFileReference; lastKnownFileType = file; path = cheetah.mp4; sourceTree = "<group>"; };
		8438E9252848A5C9004E9BBD /* lioness.mp4 */ = {isa = PBXFileReference; lastKnownFileType = file; path = lioness.mp4; sourceTree = "<group>"; };
		8438E9262848A5CA004E9BBD /* elephant.mp4 */ = {isa = PBXFileReference; lastKnownFileType = file; path = elephant.mp4; sourceTree = "<group>"; };
		8438E9272848A5CA004E9BBD /* gorilla.mp4 */ = {isa = PBXFileReference; lastKnownFileType = file; path = gorilla.mp4; sourceTree = "<group>"; };
		8438E9282848A5CB004E9BBD /* hippo.mp4 */ = {isa = PBXFileReference; lastKnownFileType = file; path = hippo.mp4; sourceTree = "<group>"; };
		8438E9292848A5CB004E9BBD /* zebra.mp4 */ = {isa = PBXFileReference; lastKnownFileType = file; path = zebra.mp4; sourceTree = "<group>"; };
		8438E92A2848A5CC004E9BBD /* lion.mp4 */ = {isa = PBXFileReference; lastKnownFileType = file; path = lion.mp4; sourceTree = "<group>"; };
		8438E92C2848A636004E9BBD /* covers.json */ = {isa = PBXFileReference; fileEncoding = 4; lastKnownFileType = text.json; path = covers.json; sourceTree = "<group>"; };
		8438E92D2848A636004E9BBD /* videos.json */ = {isa = PBXFileReference; fileEncoding = 4; lastKnownFileType = text.json; path = videos.json; sourceTree = "<group>"; };
		8438E92E2848A636004E9BBD /* locations.json */ = {isa = PBXFileReference; fileEncoding = 4; lastKnownFileType = text.json; path = locations.json; sourceTree = "<group>"; };
		8438E92F2848A636004E9BBD /* animals.json */ = {isa = PBXFileReference; fileEncoding = 4; lastKnownFileType = text.json; path = animals.json; sourceTree = "<group>"; };
		8438E9342848A9E3004E9BBD /* Info.plist */ = {isa = PBXFileReference; lastKnownFileType = text.plist; path = Info.plist; sourceTree = "<group>"; };
		8438E9362848B075004E9BBD /* VideoListView.swift */ = {isa = PBXFileReference; lastKnownFileType = sourcecode.swift; path = VideoListView.swift; sourceTree = "<group>"; };
		8438E9382848B0B1004E9BBD /* MapView.swift */ = {isa = PBXFileReference; lastKnownFileType = sourcecode.swift; path = MapView.swift; sourceTree = "<group>"; };
		8438E93A2848B0CD004E9BBD /* GalleryView.swift */ = {isa = PBXFileReference; lastKnownFileType = sourcecode.swift; path = GalleryView.swift; sourceTree = "<group>"; };
		8438E93C2848B0F4004E9BBD /* MainView.swift */ = {isa = PBXFileReference; lastKnownFileType = sourcecode.swift; path = MainView.swift; sourceTree = "<group>"; };
		84A4DB0C28480CD900BE1612 /* Africa.app */ = {isa = PBXFileReference; explicitFileType = wrapper.application; includeInIndex = 0; path = Africa.app; sourceTree = BUILT_PRODUCTS_DIR; };
		84A4DB0F28480CD900BE1612 /* AfricaApp.swift */ = {isa = PBXFileReference; lastKnownFileType = sourcecode.swift; path = AfricaApp.swift; sourceTree = "<group>"; };
		84A4DB1128480CD900BE1612 /* ContentView.swift */ = {isa = PBXFileReference; lastKnownFileType = sourcecode.swift; path = ContentView.swift; sourceTree = "<group>"; };
		84A4DB1328480CDE00BE1612 /* Assets.xcassets */ = {isa = PBXFileReference; lastKnownFileType = folder.assetcatalog; path = Assets.xcassets; sourceTree = "<group>"; };
		84A4DB1628480CDE00BE1612 /* Preview Assets.xcassets */ = {isa = PBXFileReference; lastKnownFileType = folder.assetcatalog; path = "Preview Assets.xcassets"; sourceTree = "<group>"; };
		84B2EE0D286E40EA000A7ED3 /* CoverImageView.swift */ = {isa = PBXFileReference; lastKnownFileType = sourcecode.swift; path = CoverImageView.swift; sourceTree = "<group>"; };
		84B2EE10286E46E2000A7ED3 /* CoverImageModel.swift */ = {isa = PBXFileReference; lastKnownFileType = sourcecode.swift; path = CoverImageModel.swift; sourceTree = "<group>"; };
		84B2EE13286E496B000A7ED3 /* CodableBundleExtension.swift */ = {isa = PBXFileReference; lastKnownFileType = sourcecode.swift; path = CodableBundleExtension.swift; sourceTree = "<group>"; };
		84D642EA2872345A0084CB52 /* AnimalDetailView.swift */ = {isa = PBXFileReference; lastKnownFileType = sourcecode.swift; path = AnimalDetailView.swift; sourceTree = "<group>"; };
		84D642EC287243D20084CB52 /* HeadingView.swift */ = {isa = PBXFileReference; lastKnownFileType = sourcecode.swift; path = HeadingView.swift; sourceTree = "<group>"; };
/* End PBXFileReference section */

/* Begin PBXFrameworksBuildPhase section */
		84A4DB0928480CD900BE1612 /* Frameworks */ = {
			isa = PBXFrameworksBuildPhase;
			buildActionMask = 2147483647;
			files = (
			);
			runOnlyForDeploymentPostprocessing = 0;
		};
/* End PBXFrameworksBuildPhase section */

/* Begin PBXGroup section */
		8438E9202848A590004E9BBD /* Video */ = {
			isa = PBXGroup;
			children = (
				8438E9242848A5C9004E9BBD /* cheetah.mp4 */,
				8438E9262848A5CA004E9BBD /* elephant.mp4 */,
				8438E9232848A5C8004E9BBD /* giraffe.mp4 */,
				8438E9272848A5CA004E9BBD /* gorilla.mp4 */,
				8438E9282848A5CB004E9BBD /* hippo.mp4 */,
				8438E92A2848A5CC004E9BBD /* lion.mp4 */,
				8438E9252848A5C9004E9BBD /* lioness.mp4 */,
				8438E9222848A5C8004E9BBD /* ostrich.mp4 */,
				8438E9212848A5C7004E9BBD /* rhino.mp4 */,
				8438E9292848A5CB004E9BBD /* zebra.mp4 */,
			);
			path = Video;
			sourceTree = "<group>";
		};
		8438E92B2848A606004E9BBD /* Data */ = {
			isa = PBXGroup;
			children = (
				8438E92F2848A636004E9BBD /* animals.json */,
				8438E92C2848A636004E9BBD /* covers.json */,
				8438E92E2848A636004E9BBD /* locations.json */,
				8438E92D2848A636004E9BBD /* videos.json */,
			);
			path = Data;
			sourceTree = "<group>";
		};
		8438E9352848AB5A004E9BBD /* App */ = {
			isa = PBXGroup;
			children = (
				84A4DB0F28480CD900BE1612 /* AfricaApp.swift */,
				84A4DB1128480CD900BE1612 /* ContentView.swift */,
				8438E9362848B075004E9BBD /* VideoListView.swift */,
				8438E9382848B0B1004E9BBD /* MapView.swift */,
				8438E93A2848B0CD004E9BBD /* GalleryView.swift */,
				8438E93C2848B0F4004E9BBD /* MainView.swift */,
			);
			path = App;
			sourceTree = "<group>";
		};
		84A4DB0328480CD900BE1612 = {
			isa = PBXGroup;
			children = (
				84A4DB0E28480CD900BE1612 /* Africa */,
				84A4DB0D28480CD900BE1612 /* Products */,
			);
			sourceTree = "<group>";
		};
		84A4DB0D28480CD900BE1612 /* Products */ = {
			isa = PBXGroup;
			children = (
				84A4DB0C28480CD900BE1612 /* Africa.app */,
			);
			name = Products;
			sourceTree = "<group>";
		};
		84A4DB0E28480CD900BE1612 /* Africa */ = {
			isa = PBXGroup;
			children = (
				84B2EE12286E4937000A7ED3 /* Extension */,
				84B2EE0F286E46AD000A7ED3 /* Model */,
				84B2EE0C286E40B9000A7ED3 /* View */,
				8438E9342848A9E3004E9BBD /* Info.plist */,
				8438E92B2848A606004E9BBD /* Data */,
				8438E9202848A590004E9BBD /* Video */,
				8438E9352848AB5A004E9BBD /* App */,
				84A4DB1328480CDE00BE1612 /* Assets.xcassets */,
				84A4DB1528480CDE00BE1612 /* Preview Content */,
			);
			path = Africa;
			sourceTree = "<group>";
		};
		84A4DB1528480CDE00BE1612 /* Preview Content */ = {
			isa = PBXGroup;
			children = (
				84A4DB1628480CDE00BE1612 /* Preview Assets.xcassets */,
			);
			path = "Preview Content";
			sourceTree = "<group>";
		};
		84B2EE0C286E40B9000A7ED3 /* View */ = {
			isa = PBXGroup;
			children = (
				84B2EE0D286E40EA000A7ED3 /* CoverImageView.swift */,
				841E3A76286FA10500CA8D7D /* AnimalListItemView.swift */,
				84D642EA2872345A0084CB52 /* AnimalDetailView.swift */,
				84D642EC287243D20084CB52 /* HeadingView.swift */,
			);
			path = View;
			sourceTree = "<group>";
		};
		84B2EE0F286E46AD000A7ED3 /* Model */ = {
			isa = PBXGroup;
			children = (
				84B2EE10286E46E2000A7ED3 /* CoverImageModel.swift */,
				841E3A78286FA56600CA8D7D /* AnimalModel.swift */,
			);
			path = Model;
			sourceTree = "<group>";
		};
		84B2EE12286E4937000A7ED3 /* Extension */ = {
			isa = PBXGroup;
			children = (
				84B2EE13286E496B000A7ED3 /* CodableBundleExtension.swift */,
			);
			path = Extension;
			sourceTree = "<group>";
		};
/* End PBXGroup section */

/* Begin PBXNativeTarget section */
		84A4DB0B28480CD900BE1612 /* Africa */ = {
			isa = PBXNativeTarget;
			buildConfigurationList = 84A4DB1A28480CDE00BE1612 /* Build configuration list for PBXNativeTarget "Africa" */;
			buildPhases = (
				84A4DB0828480CD900BE1612 /* Sources */,
				84A4DB0928480CD900BE1612 /* Frameworks */,
				84A4DB0A28480CD900BE1612 /* Resources */,
			);
			buildRules = (
			);
			dependencies = (
			);
			name = Africa;
			productName = Africa;
			productReference = 84A4DB0C28480CD900BE1612 /* Africa.app */;
			productType = "com.apple.product-type.application";
		};
/* End PBXNativeTarget section */

/* Begin PBXProject section */
		84A4DB0428480CD900BE1612 /* Project object */ = {
			isa = PBXProject;
			attributes = {
				BuildIndependentTargetsInParallel = 1;
				LastSwiftUpdateCheck = 1330;
				LastUpgradeCheck = 1330;
				TargetAttributes = {
					84A4DB0B28480CD900BE1612 = {
						CreatedOnToolsVersion = 13.3.1;
					};
				};
			};
			buildConfigurationList = 84A4DB0728480CD900BE1612 /* Build configuration list for PBXProject "Africa" */;
			compatibilityVersion = "Xcode 13.0";
			developmentRegion = en;
			hasScannedForEncodings = 0;
			knownRegions = (
				en,
				Base,
			);
			mainGroup = 84A4DB0328480CD900BE1612;
			productRefGroup = 84A4DB0D28480CD900BE1612 /* Products */;
			projectDirPath = "";
			projectRoot = "";
			targets = (
				84A4DB0B28480CD900BE1612 /* Africa */,
			);
		};
/* End PBXProject section */

/* Begin PBXResourcesBuildPhase section */
		84A4DB0A28480CD900BE1612 /* Resources */ = {
			isa = PBXResourcesBuildPhase;
			buildActionMask = 2147483647;
			files = (
				84A4DB1728480CDE00BE1612 /* Preview Assets.xcassets in Resources */,
				8438E9312848A636004E9BBD /* videos.json in Resources */,
				8438E9322848A636004E9BBD /* locations.json in Resources */,
				8438E9332848A636004E9BBD /* animals.json in Resources */,
				8438E9302848A636004E9BBD /* covers.json in Resources */,
				84A4DB1428480CDE00BE1612 /* Assets.xcassets in Resources */,
			);
			runOnlyForDeploymentPostprocessing = 0;
		};
/* End PBXResourcesBuildPhase section */

/* Begin PBXSourcesBuildPhase section */
		84A4DB0828480CD900BE1612 /* Sources */ = {
			isa = PBXSourcesBuildPhase;
			buildActionMask = 2147483647;
			files = (
				84A4DB1228480CD900BE1612 /* ContentView.swift in Sources */,
				841E3A77286FA10500CA8D7D /* AnimalListItemView.swift in Sources */,
				8438E93D2848B0F4004E9BBD /* MainView.swift in Sources */,
				84B2EE0E286E40EA000A7ED3 /* CoverImageView.swift in Sources */,
				84B2EE11286E46E2000A7ED3 /* CoverImageModel.swift in Sources */,
				84D642EB2872345A0084CB52 /* AnimalDetailView.swift in Sources */,
				841E3A79286FA56600CA8D7D /* AnimalModel.swift in Sources */,
				8438E9392848B0B1004E9BBD /* MapView.swift in Sources */,
				84A4DB1028480CD900BE1612 /* AfricaApp.swift in Sources */,
				8438E9372848B075004E9BBD /* VideoListView.swift in Sources */,
				8438E93B2848B0CD004E9BBD /* GalleryView.swift in Sources */,
				84B2EE14286E496B000A7ED3 /* CodableBundleExtension.swift in Sources */,
				84D642ED287243D20084CB52 /* HeadingView.swift in Sources */,
			);
			runOnlyForDeploymentPostprocessing = 0;
		};
/* End PBXSourcesBuildPhase section */

/* Begin XCBuildConfiguration section */
		84A4DB1828480CDE00BE1612 /* Debug */ = {
			isa = XCBuildConfiguration;
			buildSettings = {
				ALWAYS_SEARCH_USER_PATHS = NO;
				CLANG_ANALYZER_NONNULL = YES;
				CLANG_ANALYZER_NUMBER_OBJECT_CONVERSION = YES_AGGRESSIVE;
				CLANG_CXX_LANGUAGE_STANDARD = "gnu++17";
				CLANG_ENABLE_MODULES = YES;
				CLANG_ENABLE_OBJC_ARC = YES;
				CLANG_ENABLE_OBJC_WEAK = YES;
				CLANG_WARN_BLOCK_CAPTURE_AUTORELEASING = YES;
				CLANG_WARN_BOOL_CONVERSION = YES;
				CLANG_WARN_COMMA = YES;
				CLANG_WARN_CONSTANT_CONVERSION = YES;
				CLANG_WARN_DEPRECATED_OBJC_IMPLEMENTATIONS = YES;
				CLANG_WARN_DIRECT_OBJC_ISA_USAGE = YES_ERROR;
				CLANG_WARN_DOCUMENTATION_COMMENTS = YES;
				CLANG_WARN_EMPTY_BODY = YES;
				CLANG_WARN_ENUM_CONVERSION = YES;
				CLANG_WARN_INFINITE_RECURSION = YES;
				CLANG_WARN_INT_CONVERSION = YES;
				CLANG_WARN_NON_LITERAL_NULL_CONVERSION = YES;
				CLANG_WARN_OBJC_IMPLICIT_RETAIN_SELF = YES;
				CLANG_WARN_OBJC_LITERAL_CONVERSION = YES;
				CLANG_WARN_OBJC_ROOT_CLASS = YES_ERROR;
				CLANG_WARN_QUOTED_INCLUDE_IN_FRAMEWORK_HEADER = YES;
				CLANG_WARN_RANGE_LOOP_ANALYSIS = YES;
				CLANG_WARN_STRICT_PROTOTYPES = YES;
				CLANG_WARN_SUSPICIOUS_MOVE = YES;
				CLANG_WARN_UNGUARDED_AVAILABILITY = YES_AGGRESSIVE;
				CLANG_WARN_UNREACHABLE_CODE = YES;
				CLANG_WARN__DUPLICATE_METHOD_MATCH = YES;
				COPY_PHASE_STRIP = NO;
				DEBUG_INFORMATION_FORMAT = dwarf;
				ENABLE_STRICT_OBJC_MSGSEND = YES;
				ENABLE_TESTABILITY = YES;
				GCC_C_LANGUAGE_STANDARD = gnu11;
				GCC_DYNAMIC_NO_PIC = NO;
				GCC_NO_COMMON_BLOCKS = YES;
				GCC_OPTIMIZATION_LEVEL = 0;
				GCC_PREPROCESSOR_DEFINITIONS = (
					"DEBUG=1",
					"$(inherited)",
				);
				GCC_WARN_64_TO_32_BIT_CONVERSION = YES;
				GCC_WARN_ABOUT_RETURN_TYPE = YES_ERROR;
				GCC_WARN_UNDECLARED_SELECTOR = YES;
				GCC_WARN_UNINITIALIZED_AUTOS = YES_AGGRESSIVE;
				GCC_WARN_UNUSED_FUNCTION = YES;
				GCC_WARN_UNUSED_VARIABLE = YES;
				IPHONEOS_DEPLOYMENT_TARGET = 15.4;
				MTL_ENABLE_DEBUG_INFO = INCLUDE_SOURCE;
				MTL_FAST_MATH = YES;
				ONLY_ACTIVE_ARCH = YES;
				SDKROOT = iphoneos;
				SWIFT_ACTIVE_COMPILATION_CONDITIONS = DEBUG;
				SWIFT_OPTIMIZATION_LEVEL = "-Onone";
			};
			name = Debug;
		};
		84A4DB1928480CDE00BE1612 /* Release */ = {
			isa = XCBuildConfiguration;
			buildSettings = {
				ALWAYS_SEARCH_USER_PATHS = NO;
				CLANG_ANALYZER_NONNULL = YES;
				CLANG_ANALYZER_NUMBER_OBJECT_CONVERSION = YES_AGGRESSIVE;
				CLANG_CXX_LANGUAGE_STANDARD = "gnu++17";
				CLANG_ENABLE_MODULES = YES;
				CLANG_ENABLE_OBJC_ARC = YES;
				CLANG_ENABLE_OBJC_WEAK = YES;
				CLANG_WARN_BLOCK_CAPTURE_AUTORELEASING = YES;
				CLANG_WARN_BOOL_CONVERSION = YES;
				CLANG_WARN_COMMA = YES;
				CLANG_WARN_CONSTANT_CONVERSION = YES;
				CLANG_WARN_DEPRECATED_OBJC_IMPLEMENTATIONS = YES;
				CLANG_WARN_DIRECT_OBJC_ISA_USAGE = YES_ERROR;
				CLANG_WARN_DOCUMENTATION_COMMENTS = YES;
				CLANG_WARN_EMPTY_BODY = YES;
				CLANG_WARN_ENUM_CONVERSION = YES;
				CLANG_WARN_INFINITE_RECURSION = YES;
				CLANG_WARN_INT_CONVERSION = YES;
				CLANG_WARN_NON_LITERAL_NULL_CONVERSION = YES;
				CLANG_WARN_OBJC_IMPLICIT_RETAIN_SELF = YES;
				CLANG_WARN_OBJC_LITERAL_CONVERSION = YES;
				CLANG_WARN_OBJC_ROOT_CLASS = YES_ERROR;
				CLANG_WARN_QUOTED_INCLUDE_IN_FRAMEWORK_HEADER = YES;
				CLANG_WARN_RANGE_LOOP_ANALYSIS = YES;
				CLANG_WARN_STRICT_PROTOTYPES = YES;
				CLANG_WARN_SUSPICIOUS_MOVE = YES;
				CLANG_WARN_UNGUARDED_AVAILABILITY = YES_AGGRESSIVE;
				CLANG_WARN_UNREACHABLE_CODE = YES;
				CLANG_WARN__DUPLICATE_METHOD_MATCH = YES;
				COPY_PHASE_STRIP = NO;
				DEBUG_INFORMATION_FORMAT = "dwarf-with-dsym";
				ENABLE_NS_ASSERTIONS = NO;
				ENABLE_STRICT_OBJC_MSGSEND = YES;
				GCC_C_LANGUAGE_STANDARD = gnu11;
				GCC_NO_COMMON_BLOCKS = YES;
				GCC_WARN_64_TO_32_BIT_CONVERSION = YES;
				GCC_WARN_ABOUT_RETURN_TYPE = YES_ERROR;
				GCC_WARN_UNDECLARED_SELECTOR = YES;
				GCC_WARN_UNINITIALIZED_AUTOS = YES_AGGRESSIVE;
				GCC_WARN_UNUSED_FUNCTION = YES;
				GCC_WARN_UNUSED_VARIABLE = YES;
				IPHONEOS_DEPLOYMENT_TARGET = 15.4;
				MTL_ENABLE_DEBUG_INFO = NO;
				MTL_FAST_MATH = YES;
				SDKROOT = iphoneos;
				SWIFT_COMPILATION_MODE = wholemodule;
				SWIFT_OPTIMIZATION_LEVEL = "-O";
				VALIDATE_PRODUCT = YES;
			};
			name = Release;
		};
		84A4DB1B28480CDE00BE1612 /* Debug */ = {
			isa = XCBuildConfiguration;
			buildSettings = {
				ASSETCATALOG_COMPILER_APPICON_NAME = AppIcon;
				ASSETCATALOG_COMPILER_GLOBAL_ACCENT_COLOR_NAME = AccentColor;
				CODE_SIGN_STYLE = Automatic;
				CURRENT_PROJECT_VERSION = 1;
				DEVELOPMENT_ASSET_PATHS = "\"Africa/Preview Content\"";
				DEVELOPMENT_TEAM = 3PUAX97332;
				ENABLE_PREVIEWS = YES;
				GENERATE_INFOPLIST_FILE = YES;
				INFOPLIST_FILE = Africa/Info.plist;
				INFOPLIST_KEY_LSApplicationCategoryType = "";
				INFOPLIST_KEY_UIApplicationSceneManifest_Generation = YES;
				INFOPLIST_KEY_UIApplicationSupportsIndirectInputEvents = YES;
				INFOPLIST_KEY_UISupportedInterfaceOrientations_iPad = "UIInterfaceOrientationPortrait UIInterfaceOrientationPortraitUpsideDown UIInterfaceOrientationLandscapeLeft UIInterfaceOrientationLandscapeRight";
				INFOPLIST_KEY_UISupportedInterfaceOrientations_iPhone = "UIInterfaceOrientationPortrait UIInterfaceOrientationLandscapeLeft UIInterfaceOrientationLandscapeRight";
				INFOPLIST_KEY_UIUserInterfaceStyle = Dark;
				LD_RUNPATH_SEARCH_PATHS = (
					"$(inherited)",
					"@executable_path/Frameworks",
				);
				MARKETING_VERSION = 1.0;
				PRODUCT_BUNDLE_IDENTIFIER = com.echoteam.Africa;
				PRODUCT_NAME = "$(TARGET_NAME)";
				SWIFT_EMIT_LOC_STRINGS = YES;
				SWIFT_VERSION = 5.0;
				TARGETED_DEVICE_FAMILY = "1,2";
			};
			name = Debug;
		};
		84A4DB1C28480CDE00BE1612 /* Release */ = {
			isa = XCBuildConfiguration;
			buildSettings = {
				ASSETCATALOG_COMPILER_APPICON_NAME = AppIcon;
				ASSETCATALOG_COMPILER_GLOBAL_ACCENT_COLOR_NAME = AccentColor;
				CODE_SIGN_STYLE = Automatic;
				CURRENT_PROJECT_VERSION = 1;
				DEVELOPMENT_ASSET_PATHS = "\"Africa/Preview Content\"";
				DEVELOPMENT_TEAM = 3PUAX97332;
				ENABLE_PREVIEWS = YES;
				GENERATE_INFOPLIST_FILE = YES;
				INFOPLIST_FILE = Africa/Info.plist;
				INFOPLIST_KEY_LSApplicationCategoryType = "";
				INFOPLIST_KEY_UIApplicationSceneManifest_Generation = YES;
				INFOPLIST_KEY_UIApplicationSupportsIndirectInputEvents = YES;
				INFOPLIST_KEY_UISupportedInterfaceOrientations_iPad = "UIInterfaceOrientationPortrait UIInterfaceOrientationPortraitUpsideDown UIInterfaceOrientationLandscapeLeft UIInterfaceOrientationLandscapeRight";
				INFOPLIST_KEY_UISupportedInterfaceOrientations_iPhone = "UIInterfaceOrientationPortrait UIInterfaceOrientationLandscapeLeft UIInterfaceOrientationLandscapeRight";
				INFOPLIST_KEY_UIUserInterfaceStyle = Dark;
				LD_RUNPATH_SEARCH_PATHS = (
					"$(inherited)",
					"@executable_path/Frameworks",
				);
				MARKETING_VERSION = 1.0;
				PRODUCT_BUNDLE_IDENTIFIER = com.echoteam.Africa;
				PRODUCT_NAME = "$(TARGET_NAME)";
				SWIFT_EMIT_LOC_STRINGS = YES;
				SWIFT_VERSION = 5.0;
				TARGETED_DEVICE_FAMILY = "1,2";
			};
			name = Release;
		};
/* End XCBuildConfiguration section */

/* Begin XCConfigurationList section */
		84A4DB0728480CD900BE1612 /* Build configuration list for PBXProject "Africa" */ = {
			isa = XCConfigurationList;
			buildConfigurations = (
				84A4DB1828480CDE00BE1612 /* Debug */,
				84A4DB1928480CDE00BE1612 /* Release */,
			);
			defaultConfigurationIsVisible = 0;
			defaultConfigurationName = Release;
		};
		84A4DB1A28480CDE00BE1612 /* Build configuration list for PBXNativeTarget "Africa" */ = {
			isa = XCConfigurationList;
			buildConfigurations = (
				84A4DB1B28480CDE00BE1612 /* Debug */,
				84A4DB1C28480CDE00BE1612 /* Release */,
			);
			defaultConfigurationIsVisible = 0;
			defaultConfigurationName = Release;
		};
/* End XCConfigurationList section */
	};
	rootObject = 84A4DB0428480CD900BE1612 /* Project object */;
}
